
Microsoft Visual Studio Solution File, Format Version 12.00
# Visual Studio 2013
VisualStudioVersion = 12.0.21005.1
MinimumVisualStudioVersion = 10.0.40219.1
Project("{FAE04EC0-301F-11D3-BF4B-00C04F79EFBC}") = "01_Shapes", "Shapes\01_Shapes.csproj", "{C948A1E1-276E-439C-9718-C2B4BD46A042}"
EndProject
Project("{FAE04EC0-301F-11D3-BF4B-00C04F79EFBC}") = "02_Bank", "Bank\02_Bank.csproj", "{B7D68C16-E0DD-4EDB-AF28-8FBD72F24931}"
EndProject
Project("{FAE04EC0-301F-11D3-BF4B-00C04F79EFBC}") = "03_TheSlum", "TheSlum\03_TheSlum.csproj", "{7C6F7F25-2FDB-401F-B1A9-D8CE3BB7308D}"
EndProject
Global
	GlobalSection(SolutionConfigurationPlatforms) = preSolution
		Debug|Any CPU = Debug|Any CPU
		Release|Any CPU = Release|Any CPU
	EndGlobalSection
	GlobalSection(ProjectConfigurationPlatforms) = postSolution
		{C948A1E1-276E-439C-9718-C2B4BD46A042}.Debug|Any CPU.ActiveCfg = Debug|Any CPU
		{C948A1E1-276E-439C-9718-C2B4BD46A042}.Debug|Any CPU.Build.0 = Debug|Any CPU
		{C948A1E1-276E-439C-9718-C2B4BD46A042}.Release|Any CPU.ActiveCfg = Release|Any CPU
		{C948A1E1-276E-439C-9718-C2B4BD46A042}.Release|Any CPU.Build.0 = Release|Any CPU
		{B7D68C16-E0DD-4EDB-AF28-8FBD72F24931}.Debug|Any CPU.ActiveCfg = Debug|Any CPU
		{B7D68C16-E0DD-4EDB-AF28-8FBD72F24931}.Debug|Any CPU.Build.0 = Debug|Any CPU
		{B7D68C16-E0DD-4EDB-AF28-8FBD72F24931}.Release|Any CPU.ActiveCfg = Release|Any CPU
		{B7D68C16-E0DD-4EDB-AF28-8FBD72F24931}.Release|Any CPU.Build.0 = Release|Any CPU
		{7C6F7F25-2FDB-401F-B1A9-D8CE3BB7308D}.Debug|Any CPU.ActiveCfg = Debug|Any CPU
		{7C6F7F25-2FDB-401F-B1A9-D8CE3BB7308D}.Debug|Any CPU.Build.0 = Debug|Any CPU
		{7C6F7F25-2FDB-401F-B1A9-D8CE3BB7308D}.Release|Any CPU.ActiveCfg = Release|Any CPU
		{7C6F7F25-2FDB-401F-B1A9-D8CE3BB7308D}.Release|Any CPU.Build.0 = Release|Any CPU
	EndGlobalSection
	GlobalSection(SolutionProperties) = preSolution
		HideSolutionNode = FALSE
	EndGlobalSection
EndGlobal
